// !$*UTF8*$!
{
	archiveVersion = 1;
	classes = {
	};
	objectVersion = 56;
	objects = {

/* Begin PBXBuildFile section */
		4358813D2B62CEDC00C50592 /* DetailsViewController.swift in Sources */ = {isa = PBXBuildFile; fileRef = 4358813C2B62CEDC00C50592 /* DetailsViewController.swift */; };
		435881412B62D03900C50592 /* TableViewCell.swift in Sources */ = {isa = PBXBuildFile; fileRef = 4358813F2B62D03900C50592 /* TableViewCell.swift */; };
		435881422B62D03900C50592 /* TableViewCell.xib in Resources */ = {isa = PBXBuildFile; fileRef = 435881402B62D03900C50592 /* TableViewCell.xib */; };
		435881442B62F42200C50592 /* SegueConstants.swift in Sources */ = {isa = PBXBuildFile; fileRef = 435881432B62F42200C50592 /* SegueConstants.swift */; };
		435881462B62F4B200C50592 /* ScreenTitles.swift in Sources */ = {isa = PBXBuildFile; fileRef = 435881452B62F4B200C50592 /* ScreenTitles.swift */; };
		435881482B6314F700C50592 /* MyTask.swift in Sources */ = {isa = PBXBuildFile; fileRef = 435881472B6314F700C50592 /* MyTask.swift */; };
		4358814A2B6317B500C50592 /* CustomViewsConstants.swift in Sources */ = {isa = PBXBuildFile; fileRef = 435881492B6317B500C50592 /* CustomViewsConstants.swift */; };
		435BCAAA2B61EC5A00DD6972 /* AppDelegate.swift in Sources */ = {isa = PBXBuildFile; fileRef = 435BCAA92B61EC5A00DD6972 /* AppDelegate.swift */; };
		435BCAAC2B61EC5A00DD6972 /* SceneDelegate.swift in Sources */ = {isa = PBXBuildFile; fileRef = 435BCAAB2B61EC5A00DD6972 /* SceneDelegate.swift */; };
		435BCAAE2B61EC5A00DD6972 /* ViewController.swift in Sources */ = {isa = PBXBuildFile; fileRef = 435BCAAD2B61EC5A00DD6972 /* ViewController.swift */; };
		435BCAB12B61EC5A00DD6972 /* Main.storyboard in Resources */ = {isa = PBXBuildFile; fileRef = 435BCAAF2B61EC5A00DD6972 /* Main.storyboard */; };
		435BCAB42B61EC5A00DD6972 /* ToDoList.xcdatamodeld in Sources */ = {isa = PBXBuildFile; fileRef = 435BCAB22B61EC5A00DD6972 /* ToDoList.xcdatamodeld */; };
		435BCAB62B61EC5C00DD6972 /* Assets.xcassets in Resources */ = {isa = PBXBuildFile; fileRef = 435BCAB52B61EC5C00DD6972 /* Assets.xcassets */; };
		435BCAB92B61EC5C00DD6972 /* LaunchScreen.storyboard in Resources */ = {isa = PBXBuildFile; fileRef = 435BCAB72B61EC5C00DD6972 /* LaunchScreen.storyboard */; };
		435C01192B6372E300F2715F /* CDTask+CoreDataClass.swift in Sources */ = {isa = PBXBuildFile; fileRef = 435C01172B6372E300F2715F /* CDTask+CoreDataClass.swift */; };
		435C011A2B6372E300F2715F /* CDTask+CoreDataProperties.swift in Sources */ = {isa = PBXBuildFile; fileRef = 435C01182B6372E300F2715F /* CDTask+CoreDataProperties.swift */; };
		435C011C2B63732800F2715F /* PersistentStorage.swift in Sources */ = {isa = PBXBuildFile; fileRef = 435C011B2B63732800F2715F /* PersistentStorage.swift */; };
		435C011E2B63733700F2715F /* BaseRepository.swift in Sources */ = {isa = PBXBuildFile; fileRef = 435C011D2B63733700F2715F /* BaseRepository.swift */; };
		435C01202B63735000F2715F /* TaskDataRepository.swift in Sources */ = {isa = PBXBuildFile; fileRef = 435C011F2B63735000F2715F /* TaskDataRepository.swift */; };
		435C01222B63737200F2715F /* CDTaskExtensions.swift in Sources */ = {isa = PBXBuildFile; fileRef = 435C01212B63737200F2715F /* CDTaskExtensions.swift */; };
		435C01242B63766E00F2715F /* TaskManager.swift in Sources */ = {isa = PBXBuildFile; fileRef = 435C01232B63766E00F2715F /* TaskManager.swift */; };
/* End PBXBuildFile section */

/* Begin PBXFileReference section */
		4358813C2B62CEDC00C50592 /* DetailsViewController.swift */ = {isa = PBXFileReference; lastKnownFileType = sourcecode.swift; path = DetailsViewController.swift; sourceTree = "<group>"; };
		4358813F2B62D03900C50592 /* TableViewCell.swift */ = {isa = PBXFileReference; lastKnownFileType = sourcecode.swift; path = TableViewCell.swift; sourceTree = "<group>"; };
		435881402B62D03900C50592 /* TableViewCell.xib */ = {isa = PBXFileReference; lastKnownFileType = file.xib; path = TableViewCell.xib; sourceTree = "<group>"; };
		435881432B62F42200C50592 /* SegueConstants.swift */ = {isa = PBXFileReference; lastKnownFileType = sourcecode.swift; path = SegueConstants.swift; sourceTree = "<group>"; };
		435881452B62F4B200C50592 /* ScreenTitles.swift */ = {isa = PBXFileReference; lastKnownFileType = sourcecode.swift; path = ScreenTitles.swift; sourceTree = "<group>"; };
		435881472B6314F700C50592 /* MyTask.swift */ = {isa = PBXFileReference; lastKnownFileType = sourcecode.swift; path = MyTask.swift; sourceTree = "<group>"; };
		435881492B6317B500C50592 /* CustomViewsConstants.swift */ = {isa = PBXFileReference; lastKnownFileType = sourcecode.swift; path = CustomViewsConstants.swift; sourceTree = "<group>"; };
		435BCAA62B61EC5A00DD6972 /* ToDoList.app */ = {isa = PBXFileReference; explicitFileType = wrapper.application; includeInIndex = 0; path = ToDoList.app; sourceTree = BUILT_PRODUCTS_DIR; };
		435BCAA92B61EC5A00DD6972 /* AppDelegate.swift */ = {isa = PBXFileReference; lastKnownFileType = sourcecode.swift; path = AppDelegate.swift; sourceTree = "<group>"; };
		435BCAAB2B61EC5A00DD6972 /* SceneDelegate.swift */ = {isa = PBXFileReference; lastKnownFileType = sourcecode.swift; path = SceneDelegate.swift; sourceTree = "<group>"; };
		435BCAAD2B61EC5A00DD6972 /* ViewController.swift */ = {isa = PBXFileReference; lastKnownFileType = sourcecode.swift; path = ViewController.swift; sourceTree = "<group>"; };
		435BCAB02B61EC5A00DD6972 /* Base */ = {isa = PBXFileReference; lastKnownFileType = file.storyboard; name = Base; path = Base.lproj/Main.storyboard; sourceTree = "<group>"; };
		435BCAB32B61EC5A00DD6972 /* ToDoList.xcdatamodel */ = {isa = PBXFileReference; lastKnownFileType = wrapper.xcdatamodel; path = ToDoList.xcdatamodel; sourceTree = "<group>"; };
		435BCAB52B61EC5C00DD6972 /* Assets.xcassets */ = {isa = PBXFileReference; lastKnownFileType = folder.assetcatalog; path = Assets.xcassets; sourceTree = "<group>"; };
		435BCAB82B61EC5C00DD6972 /* Base */ = {isa = PBXFileReference; lastKnownFileType = file.storyboard; name = Base; path = Base.lproj/LaunchScreen.storyboard; sourceTree = "<group>"; };
		435BCABA2B61EC5C00DD6972 /* Info.plist */ = {isa = PBXFileReference; lastKnownFileType = text.plist.xml; path = Info.plist; sourceTree = "<group>"; };
		435C01172B6372E300F2715F /* CDTask+CoreDataClass.swift */ = {isa = PBXFileReference; lastKnownFileType = sourcecode.swift; path = "CDTask+CoreDataClass.swift"; sourceTree = "<group>"; };
		435C01182B6372E300F2715F /* CDTask+CoreDataProperties.swift */ = {isa = PBXFileReference; lastKnownFileType = sourcecode.swift; path = "CDTask+CoreDataProperties.swift"; sourceTree = "<group>"; };
		435C011B2B63732800F2715F /* PersistentStorage.swift */ = {isa = PBXFileReference; lastKnownFileType = sourcecode.swift; path = PersistentStorage.swift; sourceTree = "<group>"; };
		435C011D2B63733700F2715F /* BaseRepository.swift */ = {isa = PBXFileReference; lastKnownFileType = sourcecode.swift; path = BaseRepository.swift; sourceTree = "<group>"; };
		435C011F2B63735000F2715F /* TaskDataRepository.swift */ = {isa = PBXFileReference; lastKnownFileType = sourcecode.swift; path = TaskDataRepository.swift; sourceTree = "<group>"; };
		435C01212B63737200F2715F /* CDTaskExtensions.swift */ = {isa = PBXFileReference; lastKnownFileType = sourcecode.swift; path = CDTaskExtensions.swift; sourceTree = "<group>"; };
		435C01232B63766E00F2715F /* TaskManager.swift */ = {isa = PBXFileReference; lastKnownFileType = sourcecode.swift; path = TaskManager.swift; sourceTree = "<group>"; };
/* End PBXFileReference section */

/* Begin PBXFrameworksBuildPhase section */
		435BCAA32B61EC5A00DD6972 /* Frameworks */ = {
			isa = PBXFrameworksBuildPhase;
			buildActionMask = 2147483647;
			files = (
			);
			runOnlyForDeploymentPostprocessing = 0;
		};
/* End PBXFrameworksBuildPhase section */

/* Begin PBXGroup section */
		4358813E2B62D00500C50592 /* Cell */ = {
			isa = PBXGroup;
			children = (
				4358813F2B62D03900C50592 /* TableViewCell.swift */,
				435881402B62D03900C50592 /* TableViewCell.xib */,
			);
			path = Cell;
			sourceTree = "<group>";
		};
		435BCA9D2B61EC5A00DD6972 = {
			isa = PBXGroup;
			children = (
				435BCAA82B61EC5A00DD6972 /* ToDoList */,
				435BCAA72B61EC5A00DD6972 /* Products */,
			);
			sourceTree = "<group>";
		};
		435BCAA72B61EC5A00DD6972 /* Products */ = {
			isa = PBXGroup;
			children = (
				435BCAA62B61EC5A00DD6972 /* ToDoList.app */,
			);
			name = Products;
			sourceTree = "<group>";
		};
		435BCAA82B61EC5A00DD6972 /* ToDoList */ = {
			isa = PBXGroup;
			children = (
				435BCAC72B61F04B00DD6972 /* Manager */,
				435BCAC62B61F02400DD6972 /* CoreDataSupportFiles */,
				435BCAC52B61EF2A00DD6972 /* Models */,
				435BCAC42B61EF0500DD6972 /* ViewModels */,
				435BCAC32B61EE9F00DD6972 /* AppDelegates+Assets */,
				435BCAC22B61EE8E00DD6972 /* Controllers */,
				435BCAC12B61EE6800DD6972 /* AppConstants */,
				435BCAC02B61EE5C00DD6972 /* Views */,
				435BCABA2B61EC5C00DD6972 /* Info.plist */,
				435BCAB22B61EC5A00DD6972 /* ToDoList.xcdatamodeld */,
			);
			path = ToDoList;
			sourceTree = "<group>";
		};
		435BCAC02B61EE5C00DD6972 /* Views */ = {
			isa = PBXGroup;
			children = (
				4358813E2B62D00500C50592 /* Cell */,
				435BCAAF2B61EC5A00DD6972 /* Main.storyboard */,
				435BCAB72B61EC5C00DD6972 /* LaunchScreen.storyboard */,
			);
			path = Views;
			sourceTree = "<group>";
		};
		435BCAC12B61EE6800DD6972 /* AppConstants */ = {
			isa = PBXGroup;
			children = (
				435881432B62F42200C50592 /* SegueConstants.swift */,
				435881452B62F4B200C50592 /* ScreenTitles.swift */,
				435881492B6317B500C50592 /* CustomViewsConstants.swift */,
			);
			path = AppConstants;
			sourceTree = "<group>";
		};
		435BCAC22B61EE8E00DD6972 /* Controllers */ = {
			isa = PBXGroup;
			children = (
				435BCAAD2B61EC5A00DD6972 /* ViewController.swift */,
				4358813C2B62CEDC00C50592 /* DetailsViewController.swift */,
			);
			path = Controllers;
			sourceTree = "<group>";
		};
		435BCAC32B61EE9F00DD6972 /* AppDelegates+Assets */ = {
			isa = PBXGroup;
			children = (
				435BCAA92B61EC5A00DD6972 /* AppDelegate.swift */,
				435BCAAB2B61EC5A00DD6972 /* SceneDelegate.swift */,
				435BCAB52B61EC5C00DD6972 /* Assets.xcassets */,
			);
			path = "AppDelegates+Assets";
			sourceTree = "<group>";
		};
		435BCAC42B61EF0500DD6972 /* ViewModels */ = {
			isa = PBXGroup;
			children = (
			);
			path = ViewModels;
			sourceTree = "<group>";
		};
		435BCAC52B61EF2A00DD6972 /* Models */ = {
			isa = PBXGroup;
			children = (
				435881472B6314F700C50592 /* MyTask.swift */,
			);
			path = Models;
			sourceTree = "<group>";
		};
		435BCAC62B61F02400DD6972 /* CoreDataSupportFiles */ = {
			isa = PBXGroup;
			children = (
				435C01172B6372E300F2715F /* CDTask+CoreDataClass.swift */,
				435C01182B6372E300F2715F /* CDTask+CoreDataProperties.swift */,
				435C011B2B63732800F2715F /* PersistentStorage.swift */,
				435C011D2B63733700F2715F /* BaseRepository.swift */,
				435C011F2B63735000F2715F /* TaskDataRepository.swift */,
				435C01212B63737200F2715F /* CDTaskExtensions.swift */,
			);
			path = CoreDataSupportFiles;
			sourceTree = "<group>";
		};
		435BCAC72B61F04B00DD6972 /* Manager */ = {
			isa = PBXGroup;
			children = (
				435C01232B63766E00F2715F /* TaskManager.swift */,
			);
			path = Manager;
			sourceTree = "<group>";
		};
/* End PBXGroup section */

/* Begin PBXNativeTarget section */
		435BCAA52B61EC5A00DD6972 /* ToDoList */ = {
			isa = PBXNativeTarget;
			buildConfigurationList = 435BCABD2B61EC5C00DD6972 /* Build configuration list for PBXNativeTarget "ToDoList" */;
			buildPhases = (
				435BCAA22B61EC5A00DD6972 /* Sources */,
				435BCAA32B61EC5A00DD6972 /* Frameworks */,
				435BCAA42B61EC5A00DD6972 /* Resources */,
			);
			buildRules = (
			);
			dependencies = (
			);
			name = ToDoList;
			productName = ToDoList;
			productReference = 435BCAA62B61EC5A00DD6972 /* ToDoList.app */;
			productType = "com.apple.product-type.application";
		};
/* End PBXNativeTarget section */

/* Begin PBXProject section */
		435BCA9E2B61EC5A00DD6972 /* Project object */ = {
			isa = PBXProject;
			attributes = {
				BuildIndependentTargetsInParallel = 1;
				LastSwiftUpdateCheck = 1520;
				LastUpgradeCheck = 1520;
				TargetAttributes = {
					435BCAA52B61EC5A00DD6972 = {
						CreatedOnToolsVersion = 15.2;
					};
				};
			};
			buildConfigurationList = 435BCAA12B61EC5A00DD6972 /* Build configuration list for PBXProject "ToDoList" */;
			compatibilityVersion = "Xcode 14.0";
			developmentRegion = en;
			hasScannedForEncodings = 0;
			knownRegions = (
				en,
				Base,
			);
			mainGroup = 435BCA9D2B61EC5A00DD6972;
			productRefGroup = 435BCAA72B61EC5A00DD6972 /* Products */;
			projectDirPath = "";
			projectRoot = "";
			targets = (
				435BCAA52B61EC5A00DD6972 /* ToDoList */,
			);
		};
/* End PBXProject section */

/* Begin PBXResourcesBuildPhase section */
		435BCAA42B61EC5A00DD6972 /* Resources */ = {
			isa = PBXResourcesBuildPhase;
			buildActionMask = 2147483647;
			files = (
				435BCAB92B61EC5C00DD6972 /* LaunchScreen.storyboard in Resources */,
				435881422B62D03900C50592 /* TableViewCell.xib in Resources */,
				435BCAB62B61EC5C00DD6972 /* Assets.xcassets in Resources */,
				435BCAB12B61EC5A00DD6972 /* Main.storyboard in Resources */,
			);
			runOnlyForDeploymentPostprocessing = 0;
		};
/* End PBXResourcesBuildPhase section */

/* Begin PBXSourcesBuildPhase section */
		435BCAA22B61EC5A00DD6972 /* Sources */ = {
			isa = PBXSourcesBuildPhase;
			buildActionMask = 2147483647;
			files = (
				435C01192B6372E300F2715F /* CDTask+CoreDataClass.swift in Sources */,
				435BCAAE2B61EC5A00DD6972 /* ViewController.swift in Sources */,
				435881412B62D03900C50592 /* TableViewCell.swift in Sources */,
				435C011A2B6372E300F2715F /* CDTask+CoreDataProperties.swift in Sources */,
				435BCAAA2B61EC5A00DD6972 /* AppDelegate.swift in Sources */,
				435C01242B63766E00F2715F /* TaskManager.swift in Sources */,
				435BCAAC2B61EC5A00DD6972 /* SceneDelegate.swift in Sources */,
				4358813D2B62CEDC00C50592 /* DetailsViewController.swift in Sources */,
				435BCAB42B61EC5A00DD6972 /* ToDoList.xcdatamodeld in Sources */,
				435C011E2B63733700F2715F /* BaseRepository.swift in Sources */,
				435881462B62F4B200C50592 /* ScreenTitles.swift in Sources */,
				435881482B6314F700C50592 /* MyTask.swift in Sources */,
				435C01222B63737200F2715F /* CDTaskExtensions.swift in Sources */,
				435881442B62F42200C50592 /* SegueConstants.swift in Sources */,
				4358814A2B6317B500C50592 /* CustomViewsConstants.swift in Sources */,
				435C01202B63735000F2715F /* TaskDataRepository.swift in Sources */,
				435C011C2B63732800F2715F /* PersistentStorage.swift in Sources */,
			);
			runOnlyForDeploymentPostprocessing = 0;
		};
/* End PBXSourcesBuildPhase section */

/* Begin PBXVariantGroup section */
		435BCAAF2B61EC5A00DD6972 /* Main.storyboard */ = {
			isa = PBXVariantGroup;
			children = (
				435BCAB02B61EC5A00DD6972 /* Base */,
			);
			name = Main.storyboard;
			sourceTree = "<group>";
		};
		435BCAB72B61EC5C00DD6972 /* LaunchScreen.storyboard */ = {
			isa = PBXVariantGroup;
			children = (
				435BCAB82B61EC5C00DD6972 /* Base */,
			);
			name = LaunchScreen.storyboard;
			sourceTree = "<group>";
		};
/* End PBXVariantGroup section */

/* Begin XCBuildConfiguration section */
		435BCABB2B61EC5C00DD6972 /* Debug */ = {
			isa = XCBuildConfiguration;
			buildSettings = {
				ALWAYS_SEARCH_USER_PATHS = NO;
				ASSETCATALOG_COMPILER_GENERATE_SWIFT_ASSET_SYMBOL_EXTENSIONS = YES;
				CLANG_ANALYZER_NONNULL = YES;
				CLANG_ANALYZER_NUMBER_OBJECT_CONVERSION = YES_AGGRESSIVE;
				CLANG_CXX_LANGUAGE_STANDARD = "gnu++20";
				CLANG_ENABLE_MODULES = YES;
				CLANG_ENABLE_OBJC_ARC = YES;
				CLANG_ENABLE_OBJC_WEAK = YES;
				CLANG_WARN_BLOCK_CAPTURE_AUTORELEASING = YES;
				CLANG_WARN_BOOL_CONVERSION = YES;
				CLANG_WARN_COMMA = YES;
				CLANG_WARN_CONSTANT_CONVERSION = YES;
				CLANG_WARN_DEPRECATED_OBJC_IMPLEMENTATIONS = YES;
				CLANG_WARN_DIRECT_OBJC_ISA_USAGE = YES_ERROR;
				CLANG_WARN_DOCUMENTATION_COMMENTS = YES;
				CLANG_WARN_EMPTY_BODY = YES;
				CLANG_WARN_ENUM_CONVERSION = YES;
				CLANG_WARN_INFINITE_RECURSION = YES;
				CLANG_WARN_INT_CONVERSION = YES;
				CLANG_WARN_NON_LITERAL_NULL_CONVERSION = YES;
				CLANG_WARN_OBJC_IMPLICIT_RETAIN_SELF = YES;
				CLANG_WARN_OBJC_LITERAL_CONVERSION = YES;
				CLANG_WARN_OBJC_ROOT_CLASS = YES_ERROR;
				CLANG_WARN_QUOTED_INCLUDE_IN_FRAMEWORK_HEADER = YES;
				CLANG_WARN_RANGE_LOOP_ANALYSIS = YES;
				CLANG_WARN_STRICT_PROTOTYPES = YES;
				CLANG_WARN_SUSPICIOUS_MOVE = YES;
				CLANG_WARN_UNGUARDED_AVAILABILITY = YES_AGGRESSIVE;
				CLANG_WARN_UNREACHABLE_CODE = YES;
				CLANG_WARN__DUPLICATE_METHOD_MATCH = YES;
				COPY_PHASE_STRIP = NO;
				DEBUG_INFORMATION_FORMAT = dwarf;
				ENABLE_STRICT_OBJC_MSGSEND = YES;
				ENABLE_TESTABILITY = YES;
				ENABLE_USER_SCRIPT_SANDBOXING = YES;
				GCC_C_LANGUAGE_STANDARD = gnu17;
				GCC_DYNAMIC_NO_PIC = NO;
				GCC_NO_COMMON_BLOCKS = YES;
				GCC_OPTIMIZATION_LEVEL = 0;
				GCC_PREPROCESSOR_DEFINITIONS = (
					"DEBUG=1",
					"$(inherited)",
				);
				GCC_WARN_64_TO_32_BIT_CONVERSION = YES;
				GCC_WARN_ABOUT_RETURN_TYPE = YES_ERROR;
				GCC_WARN_UNDECLARED_SELECTOR = YES;
				GCC_WARN_UNINITIALIZED_AUTOS = YES_AGGRESSIVE;
				GCC_WARN_UNUSED_FUNCTION = YES;
				GCC_WARN_UNUSED_VARIABLE = YES;
				IPHONEOS_DEPLOYMENT_TARGET = 17.2;
				LOCALIZATION_PREFERS_STRING_CATALOGS = YES;
				MTL_ENABLE_DEBUG_INFO = INCLUDE_SOURCE;
				MTL_FAST_MATH = YES;
				ONLY_ACTIVE_ARCH = YES;
				SDKROOT = iphoneos;
				SWIFT_ACTIVE_COMPILATION_CONDITIONS = "DEBUG $(inherited)";
				SWIFT_OPTIMIZATION_LEVEL = "-Onone";
			};
			name = Debug;
		};
		435BCABC2B61EC5C00DD6972 /* Release */ = {
			isa = XCBuildConfiguration;
			buildSettings = {
				ALWAYS_SEARCH_USER_PATHS = NO;
				ASSETCATALOG_COMPILER_GENERATE_SWIFT_ASSET_SYMBOL_EXTENSIONS = YES;
				CLANG_ANALYZER_NONNULL = YES;
				CLANG_ANALYZER_NUMBER_OBJECT_CONVERSION = YES_AGGRESSIVE;
				CLANG_CXX_LANGUAGE_STANDARD = "gnu++20";
				CLANG_ENABLE_MODULES = YES;
				CLANG_ENABLE_OBJC_ARC = YES;
				CLANG_ENABLE_OBJC_WEAK = YES;
				CLANG_WARN_BLOCK_CAPTURE_AUTORELEASING = YES;
				CLANG_WARN_BOOL_CONVERSION = YES;
				CLANG_WARN_COMMA = YES;
				CLANG_WARN_CONSTANT_CONVERSION = YES;
				CLANG_WARN_DEPRECATED_OBJC_IMPLEMENTATIONS = YES;
				CLANG_WARN_DIRECT_OBJC_ISA_USAGE = YES_ERROR;
				CLANG_WARN_DOCUMENTATION_COMMENTS = YES;
				CLANG_WARN_EMPTY_BODY = YES;
				CLANG_WARN_ENUM_CONVERSION = YES;
				CLANG_WARN_INFINITE_RECURSION = YES;
				CLANG_WARN_INT_CONVERSION = YES;
				CLANG_WARN_NON_LITERAL_NULL_CONVERSION = YES;
				CLANG_WARN_OBJC_IMPLICIT_RETAIN_SELF = YES;
				CLANG_WARN_OBJC_LITERAL_CONVERSION = YES;
				CLANG_WARN_OBJC_ROOT_CLASS = YES_ERROR;
				CLANG_WARN_QUOTED_INCLUDE_IN_FRAMEWORK_HEADER = YES;
				CLANG_WARN_RANGE_LOOP_ANALYSIS = YES;
				CLANG_WARN_STRICT_PROTOTYPES = YES;
				CLANG_WARN_SUSPICIOUS_MOVE = YES;
				CLANG_WARN_UNGUARDED_AVAILABILITY = YES_AGGRESSIVE;
				CLANG_WARN_UNREACHABLE_CODE = YES;
				CLANG_WARN__DUPLICATE_METHOD_MATCH = YES;
				COPY_PHASE_STRIP = NO;
				DEBUG_INFORMATION_FORMAT = "dwarf-with-dsym";
				ENABLE_NS_ASSERTIONS = NO;
				ENABLE_STRICT_OBJC_MSGSEND = YES;
				ENABLE_USER_SCRIPT_SANDBOXING = YES;
				GCC_C_LANGUAGE_STANDARD = gnu17;
				GCC_NO_COMMON_BLOCKS = YES;
				GCC_WARN_64_TO_32_BIT_CONVERSION = YES;
				GCC_WARN_ABOUT_RETURN_TYPE = YES_ERROR;
				GCC_WARN_UNDECLARED_SELECTOR = YES;
				GCC_WARN_UNINITIALIZED_AUTOS = YES_AGGRESSIVE;
				GCC_WARN_UNUSED_FUNCTION = YES;
				GCC_WARN_UNUSED_VARIABLE = YES;
				IPHONEOS_DEPLOYMENT_TARGET = 17.2;
				LOCALIZATION_PREFERS_STRING_CATALOGS = YES;
				MTL_ENABLE_DEBUG_INFO = NO;
				MTL_FAST_MATH = YES;
				SDKROOT = iphoneos;
				SWIFT_COMPILATION_MODE = wholemodule;
				VALIDATE_PRODUCT = YES;
			};
			name = Release;
		};
		435BCABE2B61EC5C00DD6972 /* Debug */ = {
			isa = XCBuildConfiguration;
			buildSettings = {
				ASSETCATALOG_COMPILER_APPICON_NAME = AppIcon;
				ASSETCATALOG_COMPILER_GLOBAL_ACCENT_COLOR_NAME = AccentColor;
				CODE_SIGN_STYLE = Automatic;
				CURRENT_PROJECT_VERSION = 1;
				GENERATE_INFOPLIST_FILE = YES;
				INFOPLIST_FILE = ToDoList/Info.plist;
				INFOPLIST_KEY_UIApplicationSupportsIndirectInputEvents = YES;
				INFOPLIST_KEY_UILaunchStoryboardName = LaunchScreen;
				INFOPLIST_KEY_UIMainStoryboardFile = Main;
				INFOPLIST_KEY_UISupportedInterfaceOrientations_iPad = "UIInterfaceOrientationPortrait UIInterfaceOrientationPortraitUpsideDown UIInterfaceOrientationLandscapeLeft UIInterfaceOrientationLandscapeRight";
				INFOPLIST_KEY_UISupportedInterfaceOrientations_iPhone = "UIInterfaceOrientationPortrait UIInterfaceOrientationLandscapeLeft UIInterfaceOrientationLandscapeRight";
				LD_RUNPATH_SEARCH_PATHS = (
					"$(inherited)",
					"@executable_path/Frameworks",
				);
				MARKETING_VERSION = 1.0;
				PRODUCT_BUNDLE_IDENTIFIER = com.intekglobal.jpap.ToDoList;
				PRODUCT_NAME = "$(TARGET_NAME)";
				SWIFT_EMIT_LOC_STRINGS = YES;
				SWIFT_VERSION = 5.0;
				TARGETED_DEVICE_FAMILY = "1,2";
			};
			name = Debug;
		};
		435BCABF2B61EC5C00DD6972 /* Release */ = {
			isa = XCBuildConfiguration;
			buildSettings = {
				ASSETCATALOG_COMPILER_APPICON_NAME = AppIcon;
				ASSETCATALOG_COMPILER_GLOBAL_ACCENT_COLOR_NAME = AccentColor;
				CODE_SIGN_STYLE = Automatic;
				CURRENT_PROJECT_VERSION = 1;
				GENERATE_INFOPLIST_FILE = YES;
				INFOPLIST_FILE = ToDoList/Info.plist;
				INFOPLIST_KEY_UIApplicationSupportsIndirectInputEvents = YES;
				INFOPLIST_KEY_UILaunchStoryboardName = LaunchScreen;
				INFOPLIST_KEY_UIMainStoryboardFile = Main;
				INFOPLIST_KEY_UISupportedInterfaceOrientations_iPad = "UIInterfaceOrientationPortrait UIInterfaceOrientationPortraitUpsideDown UIInterfaceOrientationLandscapeLeft UIInterfaceOrientationLandscapeRight";
				INFOPLIST_KEY_UISupportedInterfaceOrientations_iPhone = "UIInterfaceOrientationPortrait UIInterfaceOrientationLandscapeLeft UIInterfaceOrientationLandscapeRight";
				LD_RUNPATH_SEARCH_PATHS = (
					"$(inherited)",
					"@executable_path/Frameworks",
				);
				MARKETING_VERSION = 1.0;
				PRODUCT_BUNDLE_IDENTIFIER = com.intekglobal.jpap.ToDoList;
				PRODUCT_NAME = "$(TARGET_NAME)";
				SWIFT_EMIT_LOC_STRINGS = YES;
				SWIFT_VERSION = 5.0;
				TARGETED_DEVICE_FAMILY = "1,2";
			};
			name = Release;
		};
/* End XCBuildConfiguration section */

/* Begin XCConfigurationList section */
		435BCAA12B61EC5A00DD6972 /* Build configuration list for PBXProject "ToDoList" */ = {
			isa = XCConfigurationList;
			buildConfigurations = (
				435BCABB2B61EC5C00DD6972 /* Debug */,
				435BCABC2B61EC5C00DD6972 /* Release */,
			);
			defaultConfigurationIsVisible = 0;
			defaultConfigurationName = Release;
		};
		435BCABD2B61EC5C00DD6972 /* Build configuration list for PBXNativeTarget "ToDoList" */ = {
			isa = XCConfigurationList;
			buildConfigurations = (
				435BCABE2B61EC5C00DD6972 /* Debug */,
				435BCABF2B61EC5C00DD6972 /* Release */,
			);
			defaultConfigurationIsVisible = 0;
			defaultConfigurationName = Release;
		};
/* End XCConfigurationList section */

/* Begin XCVersionGroup section */
		435BCAB22B61EC5A00DD6972 /* ToDoList.xcdatamodeld */ = {
			isa = XCVersionGroup;
			children = (
				435BCAB32B61EC5A00DD6972 /* ToDoList.xcdatamodel */,
			);
			currentVersion = 435BCAB32B61EC5A00DD6972 /* ToDoList.xcdatamodel */;
			path = ToDoList.xcdatamodeld;
			sourceTree = "<group>";
			versionGroupType = wrapper.xcdatamodel;
		};
/* End XCVersionGroup section */
	};
	rootObject = 435BCA9E2B61EC5A00DD6972 /* Project object */;
}
